lockfileVersion: '9.0'

settings:
  autoInstallPeers: true
  excludeLinksFromLockfile: false

importers:

  .:
    dependencies:
      viem:
        specifier: ^2.33.0
        version: 2.33.0
      view:
        specifier: ^1.1.1
        version: 1.1.1

packages:

  '@adraffy/ens-normalize@1.11.0':
    resolution: {integrity: sha512-/3DDPKHqqIqxUULp8yP4zODUY1i+2xvVWsv8A79xGWdCAG+8sb0hRh0Rk2QyOJUnnbyPUAZYcpBuRe3nS2OIUg==, tarball: https://registry.npmmirror.com/@adraffy/ens-normalize/-/ens-normalize-1.11.0.tgz}

  '@noble/ciphers@1.3.0':
    resolution: {integrity: sha512-2I0gnIVPtfnMw9ee9h1dJG7tp81+8Ob3OJb3Mv37rx5L40/b0i7djjCVvGOVqc9AEIQyvyu1i6ypKdFw8R8gQw==, tarball: https://registry.npmmirror.com/@noble/ciphers/-/ciphers-1.3.0.tgz}
    engines: {node: ^14.21.3 || >=16}

  '@noble/curves@1.9.2':
    resolution: {integrity: sha512-HxngEd2XUcg9xi20JkwlLCtYwfoFw4JGkuZpT+WlsPD4gB/cxkvTD8fSsoAnphGZhFdZYKeQIPCuFlWPm1uE0g==, tarball: https://registry.npmmirror.com/@noble/curves/-/curves-1.9.2.tgz}
    engines: {node: ^14.21.3 || >=16}

  '@noble/hashes@1.8.0':
    resolution: {integrity: sha512-jCs9ldd7NwzpgXDIf6P3+NrHh9/sD6CQdxHyjQI+h/6rDNo88ypBxxz45UDuZHz9r3tNz7N/VInSVoVdtXEI4A==, tarball: https://registry.npmmirror.com/@noble/hashes/-/hashes-1.8.0.tgz}
    engines: {node: ^14.21.3 || >=16}

  '@scure/base@1.2.6':
    resolution: {integrity: sha512-g/nm5FgUa//MCj1gV09zTJTaM6KBAHqLN907YVQqf7zC49+DcO4B1so4ZX07Ef10Twr6nuqYEH9GEggFXA4Fmg==, tarball: https://registry.npmmirror.com/@scure/base/-/base-1.2.6.tgz}

  '@scure/bip32@1.7.0':
    resolution: {integrity: sha512-E4FFX/N3f4B80AKWp5dP6ow+flD1LQZo/w8UnLGYZO674jS6YnYeepycOOksv+vLPSpgN35wgKgy+ybfTb2SMw==, tarball: https://registry.npmmirror.com/@scure/bip32/-/bip32-1.7.0.tgz}

  '@scure/bip39@1.6.0':
    resolution: {integrity: sha512-+lF0BbLiJNwVlev4eKelw1WWLaiKXw7sSl8T6FvBlWkdX+94aGJ4o8XjUdlyhTCjd8c+B3KT3JfS8P0bLRNU6A==, tarball: https://registry.npmmirror.com/@scure/bip39/-/bip39-1.6.0.tgz}

  abitype@1.0.8:
    resolution: {integrity: sha512-ZeiI6h3GnW06uYDLx0etQtX/p8E24UaHHBj57RSjK7YBFe7iuVn07EDpOeP451D06sF27VOz9JJPlIKJmXgkEg==, tarball: https://registry.npmmirror.com/abitype/-/abitype-1.0.8.tgz}
    peerDependencies:
      typescript: '>=5.0.4'
      zod: ^3 >=3.22.0
    peerDependenciesMeta:
      typescript:
        optional: true
      zod:
        optional: true

  boolbase@1.0.0:
    resolution: {integrity: sha512-JZOSA7Mo9sNGB8+UjSgzdLtokWAky1zbztM3WRLCbZ70/3cTANmQmOdR7y2g+J0e2WXywy1yS468tY+IruqEww==, tarball: https://registry.npmmirror.com/boolbase/-/boolbase-1.0.0.tgz}

  cheerio@0.19.0:
    resolution: {integrity: sha512-Fwcm3zkR37STnPC8FepSHeSYJM5Rd596TZOcfDUdojR4Q735aK1Xn+M+ISagNneuCwMjK28w4kX+ETILGNT/UQ==, tarball: https://registry.npmmirror.com/cheerio/-/cheerio-0.19.0.tgz}
    engines: {node: '>= 0.6'}

  colors@1.4.0:
    resolution: {integrity: sha512-a+UqTh4kgZg/SlGvfbzDHpgRu7AAQOmmqRHJnxhRZICKFUT91brVhNNt58CMWU9PsBbv3PDCZUHbVxuDiH2mtA==, tarball: https://registry.npmmirror.com/colors/-/colors-1.4.0.tgz}
    engines: {node: '>=0.1.90'}

  core-util-is@1.0.3:
    resolution: {integrity: sha512-ZQBvi1DcpJ4GDqanjucZ2Hj3wEO5pZDS89BWbkcrvdxksJorwUDDZamX9ldFkp9aw2lmBDLgkObEA4DWNJ9FYQ==, tarball: https://registry.npmmirror.com/core-util-is/-/core-util-is-1.0.3.tgz}

  css-select@1.0.0:
    resolution: {integrity: sha512-/xPlD7betkfd7ChGkLGGWx5HWyiHDOSn7aACLzdH0nwucPvB0EAm8hMBm7Xn7vGfAeRRN7KZ8wumGm8NoNcMRw==, tarball: https://registry.npmmirror.com/css-select/-/css-select-1.0.0.tgz}

  css-what@1.0.0:
    resolution: {integrity: sha512-60SUMPBreXrLXgvpM8kYpO0AOyMRhdRlXFX5BMQbZq1SIJCyNE56nqFQhmvREQdUJpedbGRYZ5wOyq3/F6q5Zw==, tarball: https://registry.npmmirror.com/css-what/-/css-what-1.0.0.tgz}

  dom-serializer@0.1.1:
    resolution: {integrity: sha512-l0IU0pPzLWSHBcieZbpOKgkIn3ts3vAh7ZuFyXNwJxJXk/c4Gwj9xaTJwIDVQCXawWD0qb3IzMGH5rglQaO0XA==, tarball: https://registry.npmmirror.com/dom-serializer/-/dom-serializer-0.1.1.tgz}

  domelementtype@1.3.1:
    resolution: {integrity: sha512-BSKB+TSpMpFI/HOxCNr1O8aMOTZ8hT3pM3GQ0w/mWRmkhEDSFJkkyzz4XQsBV44BChwGkrDfMyjVD0eA2aFV3w==, tarball: https://registry.npmmirror.com/domelementtype/-/domelementtype-1.3.1.tgz}

  domhandler@2.3.0:
    resolution: {integrity: sha512-q9bUwjfp7Eif8jWxxxPSykdRZAb6GkguBGSgvvCrhI9wB71W2K/Kvv4E61CF/mcCfnVJDeDWx/Vb/uAqbDj6UQ==, tarball: https://registry.npmmirror.com/domhandler/-/domhandler-2.3.0.tgz}

  domutils@1.4.3:
    resolution: {integrity: sha512-ZkVgS/PpxjyJMb+S2iVHHEZjVnOUtjGp0/zstqKGTE9lrZtNHlNQmLwP/lhLMEApYbzc08BKMx9IFpKhaSbW1w==, tarball: https://registry.npmmirror.com/domutils/-/domutils-1.4.3.tgz}

  domutils@1.5.1:
    resolution: {integrity: sha512-gSu5Oi/I+3wDENBsOWBiRK1eoGxcywYSqg3rR960/+EfY0CF4EX1VPkgHOZ3WiS/Jg2DtliF6BhWcHlfpYUcGw==, tarball: https://registry.npmmirror.com/domutils/-/domutils-1.5.1.tgz}

  duplexer2@0.0.2:
    resolution: {integrity: sha512-+AWBwjGadtksxjOQSFDhPNQbed7icNXApT4+2BNpsXzcCBiInq2H9XW0O8sfHFaPmnQRs7cg/P0fAr2IWQSW0g==, tarball: https://registry.npmmirror.com/duplexer2/-/duplexer2-0.0.2.tgz}

  entities@1.0.0:
    resolution: {integrity: sha512-LbLqfXgJMmy81t+7c14mnulFHJ170cM6E+0vMXR9k/ZiZwgX8i5pNgjTCX3SO4VeUsFLV+8InixoretwU+MjBQ==, tarball: https://registry.npmmirror.com/entities/-/entities-1.0.0.tgz}

  entities@1.1.2:
    resolution: {integrity: sha512-f2LZMYl1Fzu7YSBKg+RoROelpOaNrcGmE9AZubeDfrCEia483oW4MI4VyFd5VNHIgQ/7qm1I0wUHK1eJnn2y2w==, tarball: https://registry.npmmirror.com/entities/-/entities-1.1.2.tgz}

  eventemitter3@5.0.1:
    resolution: {integrity: sha512-GWkBvjiSZK87ELrYOSESUYeVIc9mvLLf/nXalMOS5dYrgZq9o5OVkbZAVM06CVxYsCwH9BDZFPlQTlPA1j4ahA==, tarball: https://registry.npmmirror.com/eventemitter3/-/eventemitter3-5.0.1.tgz}

  highlight.js@8.9.1:
    resolution: {integrity: sha512-t2PInfxDlvHEk4yROFNv4w53D2DtdRAO8Oz9GUVOHE/Wu9IPSKjZLO6Pjvl3vAX77sBpPuBAupQbqF6TFfErEw==, tarball: https://registry.npmmirror.com/highlight.js/-/highlight.js-8.9.1.tgz}
    deprecated: Version no longer supported. Upgrade to @latest

  htmlparser2@3.8.3:
    resolution: {integrity: sha512-hBxEg3CYXe+rPIua8ETe7tmG3XDn9B0edOE/e9wH2nLczxzgdu0m0aNHY+5wFZiviLWLdANPJTssa92dMcXQ5Q==, tarball: https://registry.npmmirror.com/htmlparser2/-/htmlparser2-3.8.3.tgz}

  hyperquest@1.3.0:
    resolution: {integrity: sha512-TbdcXKGSq4adxbc28+MW5sSUBqfFkTocq0jiojovCGbx3t6xWaHOFyPNAX7nhVvmuU4skln5rIxAtqiP3IQZew==, tarball: https://registry.npmmirror.com/hyperquest/-/hyperquest-1.3.0.tgz}

  inherits@2.0.4:
    resolution: {integrity: sha512-k/vGaX4/Yla3WzyMCvTQOXYeIHvqOKtnqBduzTHpzpQZzAskKMhZ2K+EnBiSM9zGSoIFeMpXKxa4dYeZIQqewQ==, tarball: https://registry.npmmirror.com/inherits/-/inherits-2.0.4.tgz}

  isarray@0.0.1:
    resolution: {integrity: sha512-D2S+3GLxWH+uhrNEcoh/fnmYeP8E8/zHl644d/jdA0g2uyXvy3sb0qxotE+ne0LtccHknQzWwZEzhak7oJ0COQ==, tarball: https://registry.npmmirror.com/isarray/-/isarray-0.0.1.tgz}

  isarray@1.0.0:
    resolution: {integrity: sha512-VLghIWNM6ELQzo7zwmcg0NmTVyWKYjvIeM83yjp0wRDTmUnrM678fQbcKBo6n2CJEF0szoG//ytg+TKla89ALQ==, tarball: https://registry.npmmirror.com/isarray/-/isarray-1.0.0.tgz}

  isows@1.0.7:
    resolution: {integrity: sha512-I1fSfDCZL5P0v33sVqeTDSpcstAg/N+wF5HS033mogOVIp4B+oHC7oOCsA3axAbBSGTJ8QubbNmnIRN/h8U7hg==, tarball: https://registry.npmmirror.com/isows/-/isows-1.0.7.tgz}
    peerDependencies:
      ws: '*'

  lodash@3.10.1:
    resolution: {integrity: sha512-9mDDwqVIma6OZX79ZlDACZl8sBm0TEnkf99zV3iMA4GzkIT/9hiqP5mY0HoT1iNLCrKc/R1HByV+yJfRWVJryQ==, tarball: https://registry.npmmirror.com/lodash/-/lodash-3.10.1.tgz}

  marked@0.3.19:
    resolution: {integrity: sha512-ea2eGWOqNxPcXv8dyERdSr/6FmzvWwzjMxpfGB/sbMccXoct+xY+YukPD+QTUZwyvK7BZwcr4m21WBOW41pAkg==, tarball: https://registry.npmmirror.com/marked/-/marked-0.3.19.tgz}
    engines: {node: '>=0.10.0'}
    hasBin: true

  nth-check@1.0.2:
    resolution: {integrity: sha512-WeBOdju8SnzPN5vTUJYxYUxLeXpCaVP5i5e0LF8fg7WORF2Wd7wFX/pk0tYZk7s8T+J7VLy0Da6J1+wCT0AtHg==, tarball: https://registry.npmmirror.com/nth-check/-/nth-check-1.0.2.tgz}

  ox@0.8.1:
    resolution: {integrity: sha512-e+z5epnzV+Zuz91YYujecW8cF01mzmrUtWotJ0oEPym/G82uccs7q0WDHTYL3eiONbTUEvcZrptAKLgTBD3u2A==, tarball: https://registry.npmmirror.com/ox/-/ox-0.8.1.tgz}
    peerDependencies:
      typescript: '>=5.4.0'
    peerDependenciesMeta:
      typescript:
        optional: true

  process-nextick-args@2.0.1:
    resolution: {integrity: sha512-3ouUOpQhtgrbOa17J7+uxOTpITYWaGP7/AhoR3+A+/1e9skrzelGi/dXzEYyvbxubEF6Wn2ypscTKiKJFFn1ag==, tarball: https://registry.npmmirror.com/process-nextick-args/-/process-nextick-args-2.0.1.tgz}

  readable-stream@1.0.34:
    resolution: {integrity: sha512-ok1qVCJuRkNmvebYikljxJA/UEsKwLl2nI1OmaqAu4/UE+h0wKCHok4XkL/gvi39OacXvw59RJUOFUkDib2rHg==, tarball: https://registry.npmmirror.com/readable-stream/-/readable-stream-1.0.34.tgz}

  readable-stream@1.1.14:
    resolution: {integrity: sha512-+MeVjFf4L44XUkhM1eYbD8fyEsxcV81pqMSR5gblfcLCHfZvbrqy4/qYHE+/R5HoBUT11WV5O08Cr1n3YXkWVQ==, tarball: https://registry.npmmirror.com/readable-stream/-/readable-stream-1.1.14.tgz}

  readable-stream@2.3.8:
    resolution: {integrity: sha512-8p0AUk4XODgIewSi0l8Epjs+EVnWiK7NoDIEGU0HhE7+ZyY8D1IMY7odu5lRrFXGg71L15KG8QrPmum45RTtdA==, tarball: https://registry.npmmirror.com/readable-stream/-/readable-stream-2.3.8.tgz}

  safe-buffer@5.1.2:
    resolution: {integrity: sha512-Gd2UZBJDkXlY7GbJxfsE8/nvKkUEU1G38c1siN6QP6a9PT9MmHB8GnpscSmMJSoF8LOIrt8ud/wPtojys4G6+g==, tarball: https://registry.npmmirror.com/safe-buffer/-/safe-buffer-5.1.2.tgz}

  string_decoder@0.10.31:
    resolution: {integrity: sha512-ev2QzSzWPYmy9GuqfIVildA4OdcGLeFZQrq5ys6RtiuF+RQQiZWr8TZNyAcuVXyQRYfEO+MsoB/1BuQVhOJuoQ==, tarball: https://registry.npmmirror.com/string_decoder/-/string_decoder-0.10.31.tgz}

  string_decoder@1.1.1:
    resolution: {integrity: sha512-n/ShnvDi6FHbbVfviro+WojiFzv+s8MPMHBczVePfUpDJLwoLT0ht1l4YwBCbi8pJAveEEdnkHyPyTP/mzRfwg==, tarball: https://registry.npmmirror.com/string_decoder/-/string_decoder-1.1.1.tgz}

  through2@0.6.5:
    resolution: {integrity: sha512-RkK/CCESdTKQZHdmKICijdKKsCRVHs5KsLZ6pACAmF/1GPUQhonHSXWNERctxEp7RmvjdNbZTL5z9V7nSCXKcg==, tarball: https://registry.npmmirror.com/through2/-/through2-0.6.5.tgz}

  through2@2.0.5:
    resolution: {integrity: sha512-/mrRod8xqpA+IHSLyGCQ2s8SPHiCDEeQJSep1jqLYeEUClOFG2Qsh+4FU6G9VeqpZnGW/Su8LQGc4YKni5rYSQ==, tarball: https://registry.npmmirror.com/through2/-/through2-2.0.5.tgz}

  util-deprecate@1.0.2:
    resolution: {integrity: sha512-EPD5q1uXyFxJpCrLnCc1nHnq3gOa6DZBocAIiI2TaSCA7VCJ1UJDMagCzIkXNsUYfD1daK//LTEQ8xiIbrHtcw==, tarball: https://registry.npmmirror.com/util-deprecate/-/util-deprecate-1.0.2.tgz}

  viem@2.33.0:
    resolution: {integrity: sha512-SxBM3CmeU+LWLlBclV9MPdbuFV8mQEl0NeRc9iyYU4a7Xb5sr5oku3s/bRGTPpEP+1hCAHYpM09/ui3/dQ6EsA==, tarball: https://registry.npmmirror.com/viem/-/viem-2.33.0.tgz}
    peerDependencies:
      typescript: '>=5.0.4'
    peerDependenciesMeta:
      typescript:
        optional: true

  view@1.1.1:
    resolution: {integrity: sha512-0YVWKnA5ivXxJnPUA21w67pBL45Lyj0H2rt7letkxnfFuf41OKyg5UViuXiZwfUmIFSkOEvi0p7XaOyaFcrBKw==, tarball: https://registry.npmmirror.com/view/-/view-1.1.1.tgz}

  ws@8.18.2:
    resolution: {integrity: sha512-DMricUmwGZUVr++AEAe2uiVM7UoO9MAVZMDu05UQOaUII0lp+zOzLLU4Xqh/JvTqklB1T4uELaaPBKyjE1r4fQ==, tarball: https://registry.npmmirror.com/ws/-/ws-8.18.2.tgz}
    engines: {node: '>=10.0.0'}
    peerDependencies:
      bufferutil: ^4.0.1
      utf-8-validate: '>=5.0.2'
    peerDependenciesMeta:
      bufferutil:
        optional: true
      utf-8-validate:
        optional: true

  xtend@4.0.2:
    resolution: {integrity: sha512-LKYU1iAXJXUgAXn9URjiu+MWhyUXHsvfp7mcuYm9dSUKK0/CjtrUwFAxD82/mCWbtLsGjFIad0wIsod4zrTAEQ==, tarball: https://registry.npmmirror.com/xtend/-/xtend-4.0.2.tgz}
    engines: {node: '>=0.4'}

snapshots:

  '@adraffy/ens-normalize@1.11.0': {}

  '@noble/ciphers@1.3.0': {}

  '@noble/curves@1.9.2':
    dependencies:
      '@noble/hashes': 1.8.0

  '@noble/hashes@1.8.0': {}

  '@scure/base@1.2.6': {}

  '@scure/bip32@1.7.0':
    dependencies:
      '@noble/curves': 1.9.2
      '@noble/hashes': 1.8.0
      '@scure/base': 1.2.6

  '@scure/bip39@1.6.0':
    dependencies:
      '@noble/hashes': 1.8.0
      '@scure/base': 1.2.6

  abitype@1.0.8: {}

  boolbase@1.0.0: {}

  cheerio@0.19.0:
    dependencies:
      css-select: 1.0.0
      dom-serializer: 0.1.1
      entities: 1.1.2
      htmlparser2: 3.8.3
      lodash: 3.10.1

  colors@1.4.0: {}

  core-util-is@1.0.3: {}

  css-select@1.0.0:
    dependencies:
      boolbase: 1.0.0
      css-what: 1.0.0
      domutils: 1.4.3
      nth-check: 1.0.2

  css-what@1.0.0: {}

  dom-serializer@0.1.1:
    dependencies:
      domelementtype: 1.3.1
      entities: 1.1.2

  domelementtype@1.3.1: {}

  domhandler@2.3.0:
    dependencies:
      domelementtype: 1.3.1

  domutils@1.4.3:
    dependencies:
      domelementtype: 1.3.1

  domutils@1.5.1:
    dependencies:
      dom-serializer: 0.1.1
      domelementtype: 1.3.1

  duplexer2@0.0.2:
    dependencies:
      readable-stream: 1.1.14

  entities@1.0.0: {}

  entities@1.1.2: {}

  eventemitter3@5.0.1: {}

  highlight.js@8.9.1: {}

  htmlparser2@3.8.3:
    dependencies:
      domelementtype: 1.3.1
      domhandler: 2.3.0
      domutils: 1.5.1
      entities: 1.0.0
      readable-stream: 1.1.14

  hyperquest@1.3.0:
    dependencies:
      duplexer2: 0.0.2
      through2: 0.6.5

  inherits@2.0.4: {}

  isarray@0.0.1: {}

  isarray@1.0.0: {}

  isows@1.0.7(ws@8.18.2):
    dependencies:
      ws: 8.18.2

  lodash@3.10.1: {}

  marked@0.3.19: {}

  nth-check@1.0.2:
    dependencies:
      boolbase: 1.0.0

  ox@0.8.1:
    dependencies:
      '@adraffy/ens-normalize': 1.11.0
      '@noble/ciphers': 1.3.0
      '@noble/curves': 1.9.2
      '@noble/hashes': 1.8.0
      '@scure/bip32': 1.7.0
      '@scure/bip39': 1.6.0
      abitype: 1.0.8
      eventemitter3: 5.0.1
    transitivePeerDependencies:
      - zod

  process-nextick-args@2.0.1: {}

  readable-stream@1.0.34:
    dependencies:
      core-util-is: 1.0.3
      inherits: 2.0.4
      isarray: 0.0.1
      string_decoder: 0.10.31

  readable-stream@1.1.14:
    dependencies:
      core-util-is: 1.0.3
      inherits: 2.0.4
      isarray: 0.0.1
      string_decoder: 0.10.31

  readable-stream@2.3.8:
    dependencies:
      core-util-is: 1.0.3
      inherits: 2.0.4
      isarray: 1.0.0
      process-nextick-args: 2.0.1
      safe-buffer: 5.1.2
      string_decoder: 1.1.1
      util-deprecate: 1.0.2

  safe-buffer@5.1.2: {}

  string_decoder@0.10.31: {}

  string_decoder@1.1.1:
    dependencies:
      safe-buffer: 5.1.2

  through2@0.6.5:
    dependencies:
      readable-stream: 1.0.34
      xtend: 4.0.2

  through2@2.0.5:
    dependencies:
      readable-stream: 2.3.8
      xtend: 4.0.2

  util-deprecate@1.0.2: {}

  viem@2.33.0:
    dependencies:
      '@noble/curves': 1.9.2
      '@noble/hashes': 1.8.0
      '@scure/bip32': 1.7.0
      '@scure/bip39': 1.6.0
      abitype: 1.0.8
      isows: 1.0.7(ws@8.18.2)
      ox: 0.8.1
      ws: 8.18.2
    transitivePeerDependencies:
      - bufferutil
      - utf-8-validate
      - zod

  view@1.1.1:
    dependencies:
      cheerio: 0.19.0
      colors: 1.4.0
      highlight.js: 8.9.1
      hyperquest: 1.3.0
      marked: 0.3.19
      through2: 2.0.5

  ws@8.18.2: {}

  xtend@4.0.2: {}
